<?xml version="1.0" encoding="utf-8"?>
<Project ToolsVersion="14.0" xmlns="http://schemas.microsoft.com/developer/msbuild/2003">
  <ItemGroup>
    <Filter Include="Common">
      <UniqueIdentifier>c68e69fa-eec6-4998-828c-4532092a92e1</UniqueIdentifier>
    </Filter>
    <Filter Include="Assets">
      <UniqueIdentifier>d7c68faa-6c2a-4d80-ab3d-db2860d3a4e3</UniqueIdentifier>
      <Extensions>bmp;fbx;gif;jpg;jpeg;tga;tiff;tif;png</Extensions>
    </Filter>
    <Filter Include="Assets\Images">
      <UniqueIdentifier>{a03ae03e-1ec9-41d4-897b-e9102135cb2a}</UniqueIdentifier>
    </Filter>
  </ItemGroup>
  <ItemGroup>
    <ApplicationDefinition Include="App.xaml" />
  </ItemGroup>
  <ItemGroup>
    <ClCompile Include="App.xaml.cpp" />
    <ClCompile Include="MainPage.xaml.cpp" />
    <ClCompile Include="pch.cpp" />
  </ItemGroup>
  <ItemGroup>
    <ClInclude Include="pch.h" />
    <ClInclude Include="App.xaml.h" />
    <ClInclude Include="MainPage.xaml.h" />
  </ItemGroup>
  <ItemGroup>
    <Image Include="Assets\Images\CandyCrush-header.png">
      <Filter>Assets\Images</Filter>
    </Image>
    <Image Include="Assets\Images\CandyCrush-logo.jpeg">
      <Filter>Assets\Images</Filter>
    </Image>
    <Image Include="Assets\Images\fitbit-header.png">
      <Filter>Assets\Images</Filter>
    </Image>
    <Image Include="Assets\Images\fitbit-logo.png">
      <Filter>Assets\Images</Filter>
    </Image>
    <Image Include="Assets\Images\hulu-header.jpg">
      <Filter>Assets\Images</Filter>
    </Image>
    <Image Include="Assets\Images\Hulu-logo.png">
      <Filter>Assets\Images</Filter>
    </Image>
    <Image Include="Assets\Images\VLC_Icon.svg.png">
      <Filter>Assets\Images</Filter>
    </Image>
    <Image Include="Assets\AppLargeTile.scale-200.png">
      <Filter>Assets</Filter>
    </Image>
    <Image Include="Assets\AppList.scale-200.png">
      <Filter>Assets</Filter>
    </Image>
    <Image Include="Assets\AppMedTile.scale-200.png">
      <Filter>Assets</Filter>
    </Image>
    <Image Include="Assets\AppSplashScreen.scale-200.png">
      <Filter>Assets</Filter>
    </Image>
    <Image Include="Assets\AppStoreLogo.scale-200.png">
      <Filter>Assets</Filter>
    </Image>
    <Image Include="Assets\AppWideTile.scale-200.png">
      <Filter>Assets</Filter>
    </Image>
    <Image Include="Assets\LockScreenLogo.scale-200.png">
      <Filter>Assets</Filter>
    </Image>
    <Image Include="Assets\Wide310x150Logo.scale-200.png">
      <Filter>Assets</Filter>
    </Image>
  </ItemGroup>
  <ItemGroup>
    <AppxManifest Include="Package.appxmanifest" />
  </ItemGroup>
  <ItemGroup>
    <None Include="vlcdemo_TemporaryKey.pfx" />
    <None Include="$(LauncherBinPath)vlclauncher.exe" />
    <None Include="$(LauncherBinPath)vlclauncher.pdb" />
  </ItemGroup>
  <ItemGroup>
    <Page Include="MainPage.xaml" />
  </ItemGroup>
</Project>